{
  "nodes": {
    "any-nix-shell": {
      "flake": false,
      "locked": {
        "lastModified": 1612868345,
        "narHash": "sha256-E6Q7nVPuoC81aGMYOFkmlRv1i6eoOtbYw2AeCCXMR2A=",
        "owner": "haslersn",
        "repo": "any-nix-shell",
        "rev": "ea04f9bd639f175002127ad1b5715bce3d4bd9c5",
        "type": "github"
      },
      "original": {
        "owner": "haslersn",
        "repo": "any-nix-shell",
        "type": "github"
      }
    },
    "ci-agent": {
      "inputs": {
        "flake-compat": [
          "flake-compat"
        ],
        "nix-darwin": [
          "darwin"
        ],
        "nixos-20_09": [
          "nixos"
        ],
        "nixos-unstable": [
          "override"
        ],
        "pre-commit-hooks-nix": "pre-commit-hooks-nix"
      },
      "locked": {
        "lastModified": 1620750556,
        "narHash": "sha256-J+z8oduu9u1FZ8spSowrgyAmtnBUIUDImqfQCZ58heo=",
        "owner": "hercules-ci",
        "repo": "hercules-ci-agent",
        "rev": "f62ce85aed4c4a7fca9e5da2b00340bbcdc92f88",
        "type": "github"
      },
      "original": {
        "owner": "hercules-ci",
        "repo": "hercules-ci-agent",
        "type": "github"
      }
    },
    "darwin": {
      "inputs": {
        "nixpkgs": [
          "override"
        ]
      },
      "locked": {
        "lastModified": 1622060422,
        "narHash": "sha256-hPVlvrAyf6zL7tTx0lpK+tMxEfZeMiIZ/A2xaJ41WOY=",
        "owner": "LnL7",
        "repo": "nix-darwin",
        "rev": "007d700e644ac588ad6668e6439950a5b6e2ff64",
        "type": "github"
      },
      "original": {
        "owner": "LnL7",
        "repo": "nix-darwin",
        "type": "github"
      }
    },
    "deploy": {
      "inputs": {
        "flake-compat": [
          "flake-compat"
        ],
        "naersk": [
          "naersk"
        ],
        "nixpkgs": [
          "override"
        ],
        "utils": [
          "utils"
        ]
      },
      "locked": {
        "lastModified": 1621509262,
        "narHash": "sha256-XyCLtTVTQPXM5LXA1vffP27/tWwEn9VVESESHYNNMFA=",
        "owner": "serokell",
        "repo": "deploy-rs",
        "rev": "d2d05e1357b84d5d70a3acba866c01eca2e4e2aa",
        "type": "github"
      },
      "original": {
        "owner": "serokell",
        "repo": "deploy-rs",
        "type": "github"
      }
    },
    "devshell": {
      "locked": {
        "lastModified": 1622467111,
        "narHash": "sha256-BXTVetQtw4EMI49Yb0elWivup5DA3yoNhHFlVaDQD7U=",
        "owner": "numtide",
        "repo": "devshell",
        "rev": "84f1493776f44960e329f21843ffad1686b6c7a3",
        "type": "github"
      },
      "original": {
        "owner": "numtide",
        "repo": "devshell",
        "type": "github"
      }
    },
    "flake-compat": {
      "flake": false,
      "locked": {
        "lastModified": 1611461076,
        "narHash": "sha256-ad++dTtMNeitUIKi1c66aTrVJOSf+mdZTrGrXzjDr6Q=",
        "owner": "BBBSnowball",
        "repo": "flake-compat",
        "rev": "a565cb46bee9fa856a6c15bc9c3bb947fbb784ec",
        "type": "github"
      },
      "original": {
        "owner": "BBBSnowball",
        "ref": "pr-1",
        "repo": "flake-compat",
        "type": "github"
      }
    },
    "home": {
      "inputs": {
        "nixpkgs": [
          "nixos"
        ]
      },
      "locked": {
        "lastModified": 1622589899,
        "narHash": "sha256-y9cGxs22V+AiU7W7bcLvV1ljESjHPf9EId61qrYotC4=",
        "owner": "nix-community",
        "repo": "home-manager",
        "rev": "cb227dc6c29eb4f768d04958f4fe6d9d3d4aba46",
        "type": "github"
      },
      "original": {
        "owner": "nix-community",
        "repo": "home-manager",
        "type": "github"
      }
    },
    "kak-powerline": {
      "flake": false,
      "locked": {
        "lastModified": 1620481236,
        "narHash": "sha256-eLGfvnyBenzm2Cfrky7GjydhbO7Lmub15s+FJhEFVaM=",
        "owner": "andreyorst",
        "repo": "powerline.kak",
        "rev": "c15ee7e46e4f73bd5cc83134bcbbd0a067301369",
        "type": "github"
      },
      "original": {
        "owner": "andreyorst",
        "repo": "powerline.kak",
        "type": "github"
      }
    },
    "naersk": {
      "inputs": {
        "nixpkgs": [
          "override"
        ]
      },
      "locked": {
        "lastModified": 1620316130,
        "narHash": "sha256-sU0VS5oJS1FsHsZsLELAXc7G2eIelVuucRw+q5B1x9k=",
        "owner": "nmattia",
        "repo": "naersk",
        "rev": "a3f40fe42cc6d267ff7518fa3199e99ff1444ac4",
        "type": "github"
      },
      "original": {
        "owner": "nmattia",
        "repo": "naersk",
        "type": "github"
      }
    },
    "nix-zsh-completions": {
      "flake": false,
      "locked": {
        "lastModified": 1614026477,
        "narHash": "sha256-TWgo56l+FBXssOYWlAfJ5j4pOHNmontOEolcGdihIJs=",
        "owner": "Ma27",
        "repo": "nix-zsh-completions",
        "rev": "468d8cf752a62b877eba1a196fbbebb4ce4ebb6f",
        "type": "github"
      },
      "original": {
        "owner": "Ma27",
        "repo": "nix-zsh-completions",
        "type": "github"
      }
    },
    "nixos": {
      "locked": {
        "lastModified": 1622282707,
        "narHash": "sha256-+GOrUDsdneUqrOm9d+9bHXjEVoVcU8tm14WGVzbt6gg=",
        "owner": "NixOS",
        "repo": "nixpkgs",
        "rev": "6933d068c5d2fcff398e802f7c4e271bbdab6705",
        "type": "github"
      },
      "original": {
        "id": "nixpkgs",
        "ref": "nixos-unstable",
        "type": "indirect"
      }
    },
    "nixos-hardware": {
      "locked": {
        "lastModified": 1622521809,
        "narHash": "sha256-7XcqrtrHDeaasKzg/ruroLsC2fb6Fi3aenCrv1+xVLk=",
        "owner": "nixos",
        "repo": "nixos-hardware",
        "rev": "b2186d6c3cdc58fb3a8def0f608bcae61138cc6f",
        "type": "github"
      },
      "original": {
        "owner": "nixos",
        "repo": "nixos-hardware",
        "type": "github"
      }
    },
    "nur": {
      "locked": {
        "lastModified": 1622607175,
        "narHash": "sha256-kmqesv8FIAAiH6YcYZUdT7X38v4r34IggSGBdzgSHnk=",
        "owner": "nix-community",
        "repo": "NUR",
        "rev": "57e32d3d8923ade143426ccf1bfbcf4f52f34975",
        "type": "github"
      },
      "original": {
        "id": "nur",
        "type": "indirect"
      }
    },
    "override": {
      "locked": {
        "lastModified": 1622624726,
        "narHash": "sha256-w/rtzNXuSVOlp65lR2jhW33eIX/ewWbBD1s9AmHRaJI=",
        "owner": "NixOS",
        "repo": "nixpkgs",
        "rev": "231434ad572ecda4915f8a894104d727ece9bad2",
        "type": "github"
      },
      "original": {
        "id": "nixpkgs",
        "type": "indirect"
      }
    },
    "picom": {
      "flake": false,
      "locked": {
        "lastModified": 1596510008,
        "narHash": "sha256-kHoSQi4nT+Z2q2NoGJUI/VHdYgUAVNCUXB0AdvkizkU=",
        "owner": "ibhagwan",
        "repo": "picom",
        "rev": "44b4970f70d6b23759a61a2b94d9bfb4351b41b1",
        "type": "github"
      },
      "original": {
        "owner": "ibhagwan",
        "repo": "picom",
        "rev": "44b4970f70d6b23759a61a2b94d9bfb4351b41b1",
        "type": "github"
      }
    },
    "pkgs": {
      "inputs": {
        "any-nix-shell": "any-nix-shell",
        "kak-powerline": "kak-powerline",
        "nix-zsh-completions": "nix-zsh-completions",
        "nixpkgs": [
          "nixos"
        ],
        "picom": "picom",
        "pure": "pure",
        "retroarch": "retroarch"
      },
      "locked": {
        "narHash": "sha256-RxYSzIftChXKseZOOawXZFpVvrV6d9PZ1kjRwWY9FSc=",
        "path": "./pkgs",
        "type": "path"
      },
      "original": {
        "path": "./pkgs",
        "type": "path"
      }
    },
    "pre-commit-hooks-nix": {
      "flake": false,
      "locked": {
        "lastModified": 1617783930,
        "narHash": "sha256-SigoU2LWM1fMggqfM9H8XEIvjOjBVQ/wj/zrn02J28c=",
        "owner": "cachix",
        "repo": "pre-commit-hooks.nix",
        "rev": "2d169bb1b23f3b71a894a66ea81f45c788943248",
        "type": "github"
      },
      "original": {
        "owner": "cachix",
        "repo": "pre-commit-hooks.nix",
        "type": "github"
      }
    },
    "pure": {
      "flake": false,
      "locked": {
        "lastModified": 1620411603,
        "narHash": "sha256-N7EZbdqmlQTspxv3e7nYootwX1dmpDe3TVPGhOuCTTU=",
        "owner": "sindresorhus",
        "repo": "pure",
        "rev": "43aafe0b4dc05174c57ee623c03c64400e832ece",
        "type": "github"
      },
      "original": {
        "owner": "sindresorhus",
        "repo": "pure",
        "type": "github"
      }
    },
    "retroarch": {
      "flake": false,
      "locked": {
        "lastModified": 1596838013,
        "narHash": "sha256-dzPOuT+v1JtYzvAtqZ/eVWQSYQLAWX3TyS3jXdBmDdg=",
        "owner": "libretro",
        "repo": "retroarch",
        "rev": "5e551dd92b79d8127e66939835ea3c2a140c4078",
        "type": "github"
      },
      "original": {
        "owner": "libretro",
        "ref": "v1.9.0",
        "repo": "retroarch",
        "type": "github"
      }
    },
    "root": {
      "inputs": {
        "ci-agent": "ci-agent",
        "darwin": "darwin",
        "deploy": "deploy",
        "devshell": "devshell",
        "flake-compat": "flake-compat",
        "home": "home",
        "naersk": "naersk",
        "nixos": "nixos",
        "nixos-hardware": "nixos-hardware",
        "nur": "nur",
        "override": "override",
        "pkgs": "pkgs",
        "utils": "utils"
      }
    },
    "utils": {
      "locked": {
        "lastModified": 1622445595,
        "narHash": "sha256-m+JRe6Wc5OZ/mKw2bB3+Tl0ZbtyxxxfnAWln8Q5qs+Y=",
        "owner": "numtide",
        "repo": "flake-utils",
        "rev": "7d706970d94bc5559077eb1a6600afddcd25a7c8",
        "type": "github"
      },
      "original": {
        "owner": "numtide",
        "repo": "flake-utils",
        "type": "github"
      }
    }
  },
  "root": "root",
  "version": 7
}
