{
  "nodes": {
    "any-nix-shell": {
      "flake": false,
      "locked": {
        "lastModified": 1612868345,
        "narHash": "sha256-E6Q7nVPuoC81aGMYOFkmlRv1i6eoOtbYw2AeCCXMR2A=",
        "owner": "haslersn",
        "repo": "any-nix-shell",
        "rev": "ea04f9bd639f175002127ad1b5715bce3d4bd9c5",
        "type": "github"
      },
      "original": {
        "owner": "haslersn",
        "repo": "any-nix-shell",
        "type": "github"
      }
    },
    "ci-agent": {
      "inputs": {
        "flake-compat": [
          "flake-compat"
        ],
        "nix-darwin": [
          "darwin"
        ],
        "nixos-20_09": [
          "nixos"
        ],
        "nixos-unstable": [
          "override"
        ],
        "pre-commit-hooks-nix": "pre-commit-hooks-nix"
      },
      "locked": {
        "lastModified": 1630926390,
        "narHash": "sha256-wa/p/xXBSrP02h50bCWZJKrwSLPTWSutq0Gac3eup9M=",
        "owner": "hercules-ci",
        "repo": "hercules-ci-agent",
        "rev": "6e612712d95cbd09514acff1c71b313cf527954a",
        "type": "github"
      },
      "original": {
        "owner": "hercules-ci",
        "repo": "hercules-ci-agent",
        "type": "github"
      }
    },
    "darwin": {
      "inputs": {
        "nixpkgs": [
          "override"
        ]
      },
      "locked": {
        "lastModified": 1631730143,
        "narHash": "sha256-A8PaUyZu5WVp+IojG5q+39rjf5x57OFDYmVoDFPZLlY=",
        "owner": "LnL7",
        "repo": "nix-darwin",
        "rev": "e1a3f7292f085fd588d11f94ed0f47968c16df0c",
        "type": "github"
      },
      "original": {
        "owner": "LnL7",
        "repo": "nix-darwin",
        "type": "github"
      }
    },
    "deploy": {
      "inputs": {
        "flake-compat": [
          "flake-compat"
        ],
        "nixpkgs": [
          "override"
        ],
        "utils": [
          "utils"
        ]
      },
      "locked": {
        "lastModified": 1632390138,
        "narHash": "sha256-RTUr/3vYgxwCLUiIVk9mqbqK6DWrJjQjF9s+3snzvuk=",
        "owner": "serokell",
        "repo": "deploy-rs",
        "rev": "bd91450cc1ccbe290ff161b748b770c0472b683a",
        "type": "github"
      },
      "original": {
        "owner": "serokell",
        "repo": "deploy-rs",
        "type": "github"
      }
    },
    "devshell": {
      "locked": {
        "lastModified": 1632436039,
        "narHash": "sha256-OtITeVWcKXn1SpVEnImpTGH91FycCskGBPqmlxiykv4=",
        "owner": "numtide",
        "repo": "devshell",
        "rev": "7a7a7aa0adebe5488e5abaec688fd9ae0f8ea9c6",
        "type": "github"
      },
      "original": {
        "owner": "numtide",
        "repo": "devshell",
        "type": "github"
      }
    },
    "flake-compat": {
      "flake": false,
      "locked": {
        "lastModified": 1611461076,
        "narHash": "sha256-ad++dTtMNeitUIKi1c66aTrVJOSf+mdZTrGrXzjDr6Q=",
        "owner": "BBBSnowball",
        "repo": "flake-compat",
        "rev": "a565cb46bee9fa856a6c15bc9c3bb947fbb784ec",
        "type": "github"
      },
      "original": {
        "owner": "BBBSnowball",
        "ref": "pr-1",
        "repo": "flake-compat",
        "type": "github"
      }
    },
    "grub2-theme-virtuaverse": {
      "flake": false,
      "locked": {
        "lastModified": 1619221038,
        "narHash": "sha256-WzEY3QSloUaTT70m1cZDJkR2NtXB/5/oVb8ZpT54uzA=",
        "owner": "Patato777",
        "repo": "dotfiles",
        "rev": "9762695c4453be963d2d88e43c7207b9b8fe59ed",
        "type": "github"
      },
      "original": {
        "owner": "Patato777",
        "repo": "dotfiles",
        "type": "github"
      }
    },
    "home": {
      "inputs": {
        "nixpkgs": [
          "nixos"
        ]
      },
      "locked": {
        "lastModified": 1632431340,
        "narHash": "sha256-9xUnx5aeDp8Irg2/rWBKn3AjiiQTtsjTX0UshzMXy94=",
        "owner": "nix-community",
        "repo": "home-manager",
        "rev": "b0651cc2173427857b172604f85da6afe69e1d41",
        "type": "github"
      },
      "original": {
        "owner": "nix-community",
        "repo": "home-manager",
        "type": "github"
      }
    },
    "kak-powerline": {
      "flake": false,
      "locked": {
        "lastModified": 1620481236,
        "narHash": "sha256-eLGfvnyBenzm2Cfrky7GjydhbO7Lmub15s+FJhEFVaM=",
        "owner": "andreyorst",
        "repo": "powerline.kak",
        "rev": "c15ee7e46e4f73bd5cc83134bcbbd0a067301369",
        "type": "github"
      },
      "original": {
        "owner": "andreyorst",
        "repo": "powerline.kak",
        "type": "github"
      }
    },
    "naersk": {
      "inputs": {
        "nixpkgs": [
          "override"
        ]
      },
      "locked": {
        "lastModified": 1632266297,
        "narHash": "sha256-J1yeJk6Gud9ef2pEf6aKQemrfg1pVngYDSh+SAY94xk=",
        "owner": "nmattia",
        "repo": "naersk",
        "rev": "ee7edec50b49ab6d69b06d62f1de554efccb1ccd",
        "type": "github"
      },
      "original": {
        "owner": "nmattia",
        "repo": "naersk",
        "type": "github"
      }
    },
    "nix-zsh-completions": {
      "flake": false,
      "locked": {
        "lastModified": 1614026477,
        "narHash": "sha256-TWgo56l+FBXssOYWlAfJ5j4pOHNmontOEolcGdihIJs=",
        "owner": "Ma27",
        "repo": "nix-zsh-completions",
        "rev": "468d8cf752a62b877eba1a196fbbebb4ce4ebb6f",
        "type": "github"
      },
      "original": {
        "owner": "Ma27",
        "repo": "nix-zsh-completions",
        "type": "github"
      }
    },
    "nixos": {
      "locked": {
        "lastModified": 1632411313,
        "narHash": "sha256-lekODc44lVo9/0EwGiX6LoEt2KhiPdcfNopealMJ7n4=",
        "owner": "NixOS",
        "repo": "nixpkgs",
        "rev": "51bcdc4cdaac48535dabf0ad4642a66774c609ed",
        "type": "github"
      },
      "original": {
        "id": "nixpkgs",
        "ref": "nixos-unstable",
        "type": "indirect"
      }
    },
    "nixos-hardware": {
      "locked": {
        "lastModified": 1632267580,
        "narHash": "sha256-AvNXdmaPHYs6idbfgu1H40vEw4Wq15xLAgCnpCN1l1A=",
        "owner": "nixos",
        "repo": "nixos-hardware",
        "rev": "3cc8c47af31798040ea62499090540413279f832",
        "type": "github"
      },
      "original": {
        "owner": "nixos",
        "repo": "nixos-hardware",
        "type": "github"
      }
    },
    "nur": {
      "locked": {
        "lastModified": 1632718013,
        "narHash": "sha256-m2hrlbRTnhIm0Ri7Z4ms2PP6IU/Jo07cKW0CUEeaBk0=",
        "owner": "nix-community",
        "repo": "NUR",
        "rev": "0a07ef2245171315725df13565e3465562cf0232",
        "type": "github"
      },
      "original": {
        "id": "nur",
        "type": "indirect"
      }
    },
    "override": {
      "locked": {
        "lastModified": 1632724056,
        "narHash": "sha256-gj1Ujdnk6KRRg3o+kx5XJ5vyz7Y78Hxzuou5VNh4eLo=",
        "owner": "NixOS",
        "repo": "nixpkgs",
        "rev": "7b03c7ee60844ecab58d45bd06e2c5f2f8336e64",
        "type": "github"
      },
      "original": {
        "id": "nixpkgs",
        "type": "indirect"
      }
    },
    "picom": {
      "flake": false,
      "locked": {
        "lastModified": 1596510008,
        "narHash": "sha256-kHoSQi4nT+Z2q2NoGJUI/VHdYgUAVNCUXB0AdvkizkU=",
        "owner": "ibhagwan",
        "repo": "picom",
        "rev": "44b4970f70d6b23759a61a2b94d9bfb4351b41b1",
        "type": "github"
      },
      "original": {
        "owner": "ibhagwan",
        "repo": "picom",
        "rev": "44b4970f70d6b23759a61a2b94d9bfb4351b41b1",
        "type": "github"
      }
    },
    "pkgs": {
      "inputs": {
        "any-nix-shell": "any-nix-shell",
        "grub2-theme-virtuaverse": "grub2-theme-virtuaverse",
        "kak-powerline": "kak-powerline",
        "nix-zsh-completions": "nix-zsh-completions",
        "nixpkgs": [
          "nixos"
        ],
        "picom": "picom",
        "pure": "pure",
        "retroarch": "retroarch",
        "rofi": "rofi"
      },
      "locked": {
        "narHash": "sha256-0O3LRxUwQqi68QqPYeKhjI7gj5sZ8AHzIYI83dl7jAA=",
        "path": "./pkgs",
        "type": "path"
      },
      "original": {
        "path": "./pkgs",
        "type": "path"
      }
    },
    "pre-commit-hooks-nix": {
      "flake": false,
      "locked": {
        "lastModified": 1622650193,
        "narHash": "sha256-qSzUpJDv04ajS9FXoCq6NjVF3qOt9IiGIiGh0P8amyw=",
        "owner": "cachix",
        "repo": "pre-commit-hooks.nix",
        "rev": "0398f0649e0a741660ac5e8216760bae5cc78579",
        "type": "github"
      },
      "original": {
        "owner": "cachix",
        "repo": "pre-commit-hooks.nix",
        "type": "github"
      }
    },
    "pure": {
      "flake": false,
      "locked": {
        "lastModified": 1620411603,
        "narHash": "sha256-N7EZbdqmlQTspxv3e7nYootwX1dmpDe3TVPGhOuCTTU=",
        "owner": "sindresorhus",
        "repo": "pure",
        "rev": "43aafe0b4dc05174c57ee623c03c64400e832ece",
        "type": "github"
      },
      "original": {
        "owner": "sindresorhus",
        "repo": "pure",
        "type": "github"
      }
    },
    "retroarch": {
      "flake": false,
      "locked": {
        "lastModified": 1596838013,
        "narHash": "sha256-dzPOuT+v1JtYzvAtqZ/eVWQSYQLAWX3TyS3jXdBmDdg=",
        "owner": "libretro",
        "repo": "retroarch",
        "rev": "5e551dd92b79d8127e66939835ea3c2a140c4078",
        "type": "github"
      },
      "original": {
        "owner": "libretro",
        "ref": "v1.9.0",
        "repo": "retroarch",
        "type": "github"
      }
    },
    "rofi": {
      "flake": false,
      "locked": {
        "lastModified": 1599417444,
        "narHash": "sha256-1cSb7sICEkI/uT7hAkk1W3fl+DQolEZfdNnAlPhsxlM=",
        "owner": "davatorium",
        "repo": "rofi",
        "rev": "12f4e3a1cb0440b9efe902741bd8a92d4ede4245",
        "type": "github"
      },
      "original": {
        "owner": "davatorium",
        "repo": "rofi",
        "rev": "12f4e3a1cb0440b9efe902741bd8a92d4ede4245",
        "type": "github"
      }
    },
    "root": {
      "inputs": {
        "ci-agent": "ci-agent",
        "darwin": "darwin",
        "deploy": "deploy",
        "devshell": "devshell",
        "flake-compat": "flake-compat",
        "home": "home",
        "naersk": "naersk",
        "nixos": "nixos",
        "nixos-hardware": "nixos-hardware",
        "nur": "nur",
        "override": "override",
        "pkgs": "pkgs",
        "utils": "utils"
      }
    },
    "utils": {
      "locked": {
        "lastModified": 1631561581,
        "narHash": "sha256-3VQMV5zvxaVLvqqUrNz3iJelLw30mIVSfZmAaauM3dA=",
        "owner": "numtide",
        "repo": "flake-utils",
        "rev": "7e5bf3925f6fbdfaf50a2a7ca0be2879c4261d19",
        "type": "github"
      },
      "original": {
        "owner": "numtide",
        "repo": "flake-utils",
        "type": "github"
      }
    }
  },
  "root": "root",
  "version": 7
}
